
Microsoft Visual Studio Solution File, Format Version 12.00
# Visual Studio 2012
Project("{FAE04EC0-301F-11D3-BF4B-00C04F79EFBC}") = "WisconsinBand", "WisconsinBand\WisconsinBand.csproj", "{6EDD259B-B6C5-4263-BB42-55192BD21188}"
EndProject
Project("{FAE04EC0-301F-11D3-BF4B-00C04F79EFBC}") = "WisconsinBand.iOS", "iOS\WisconsinBand.iOS.csproj", "{A5F37180-42F5-4A37-9DB1-CE7125F1EB70}"
EndProject
Project("{FAE04EC0-301F-11D3-BF4B-00C04F79EFBC}") = "WisconsinBand.Droid", "Droid\WisconsinBand.Droid.csproj", "{0CB18B80-179B-4843-A4FC-849E95F4B020}"
EndProject
Project("{FAE04EC0-301F-11D3-BF4B-00C04F79EFBC}") = "WisconsinBand.UITests", "UITests\WisconsinBand.UITests.csproj", "{F086B4C1-6442-4D73-87D5-B853D4D83983}"
EndProject
Global
	GlobalSection(SolutionConfigurationPlatforms) = preSolution
		Debug|Any CPU = Debug|Any CPU
		Release|Any CPU = Release|Any CPU
		Debug|iPhoneSimulator = Debug|iPhoneSimulator
		Release|iPhone = Release|iPhone
		Release|iPhoneSimulator = Release|iPhoneSimulator
		Debug|iPhone = Debug|iPhone
	EndGlobalSection
	GlobalSection(ProjectConfigurationPlatforms) = postSolution
		{6EDD259B-B6C5-4263-BB42-55192BD21188}.Debug|Any CPU.ActiveCfg = Debug|Any CPU
		{6EDD259B-B6C5-4263-BB42-55192BD21188}.Debug|Any CPU.Build.0 = Debug|Any CPU
		{6EDD259B-B6C5-4263-BB42-55192BD21188}.Release|Any CPU.ActiveCfg = Release|Any CPU
		{6EDD259B-B6C5-4263-BB42-55192BD21188}.Release|Any CPU.Build.0 = Release|Any CPU
		{6EDD259B-B6C5-4263-BB42-55192BD21188}.Debug|iPhoneSimulator.ActiveCfg = Debug|Any CPU
		{6EDD259B-B6C5-4263-BB42-55192BD21188}.Debug|iPhoneSimulator.Build.0 = Debug|Any CPU
		{6EDD259B-B6C5-4263-BB42-55192BD21188}.Release|iPhone.ActiveCfg = Release|Any CPU
		{6EDD259B-B6C5-4263-BB42-55192BD21188}.Release|iPhone.Build.0 = Release|Any CPU
		{6EDD259B-B6C5-4263-BB42-55192BD21188}.Release|iPhoneSimulator.ActiveCfg = Release|Any CPU
		{6EDD259B-B6C5-4263-BB42-55192BD21188}.Release|iPhoneSimulator.Build.0 = Release|Any CPU
		{6EDD259B-B6C5-4263-BB42-55192BD21188}.Debug|iPhone.ActiveCfg = Debug|Any CPU
		{6EDD259B-B6C5-4263-BB42-55192BD21188}.Debug|iPhone.Build.0 = Debug|Any CPU
		{A5F37180-42F5-4A37-9DB1-CE7125F1EB70}.Debug|Any CPU.ActiveCfg = Debug|iPhoneSimulator
		{A5F37180-42F5-4A37-9DB1-CE7125F1EB70}.Debug|Any CPU.Build.0 = Debug|iPhoneSimulator
		{A5F37180-42F5-4A37-9DB1-CE7125F1EB70}.Release|Any CPU.ActiveCfg = Debug|iPhoneSimulator
		{A5F37180-42F5-4A37-9DB1-CE7125F1EB70}.Release|Any CPU.Build.0 = Debug|iPhoneSimulator
		{A5F37180-42F5-4A37-9DB1-CE7125F1EB70}.Debug|iPhoneSimulator.ActiveCfg = Debug|iPhoneSimulator
		{A5F37180-42F5-4A37-9DB1-CE7125F1EB70}.Debug|iPhoneSimulator.Build.0 = Debug|iPhoneSimulator
		{A5F37180-42F5-4A37-9DB1-CE7125F1EB70}.Release|iPhone.ActiveCfg = Release|iPhone
		{A5F37180-42F5-4A37-9DB1-CE7125F1EB70}.Release|iPhone.Build.0 = Release|iPhone
		{A5F37180-42F5-4A37-9DB1-CE7125F1EB70}.Release|iPhoneSimulator.ActiveCfg = Release|iPhoneSimulator
		{A5F37180-42F5-4A37-9DB1-CE7125F1EB70}.Release|iPhoneSimulator.Build.0 = Release|iPhoneSimulator
		{A5F37180-42F5-4A37-9DB1-CE7125F1EB70}.Debug|iPhone.ActiveCfg = Debug|iPhone
		{A5F37180-42F5-4A37-9DB1-CE7125F1EB70}.Debug|iPhone.Build.0 = Debug|iPhone
		{0CB18B80-179B-4843-A4FC-849E95F4B020}.Debug|Any CPU.ActiveCfg = Debug|Any CPU
		{0CB18B80-179B-4843-A4FC-849E95F4B020}.Debug|Any CPU.Build.0 = Debug|Any CPU
		{0CB18B80-179B-4843-A4FC-849E95F4B020}.Release|Any CPU.ActiveCfg = Release|Any CPU
		{0CB18B80-179B-4843-A4FC-849E95F4B020}.Release|Any CPU.Build.0 = Release|Any CPU
		{0CB18B80-179B-4843-A4FC-849E95F4B020}.Debug|iPhoneSimulator.ActiveCfg = Debug|Any CPU
		{0CB18B80-179B-4843-A4FC-849E95F4B020}.Debug|iPhoneSimulator.Build.0 = Debug|Any CPU
		{0CB18B80-179B-4843-A4FC-849E95F4B020}.Release|iPhone.ActiveCfg = Release|Any CPU
		{0CB18B80-179B-4843-A4FC-849E95F4B020}.Release|iPhone.Build.0 = Release|Any CPU
		{0CB18B80-179B-4843-A4FC-849E95F4B020}.Release|iPhoneSimulator.ActiveCfg = Release|Any CPU
		{0CB18B80-179B-4843-A4FC-849E95F4B020}.Release|iPhoneSimulator.Build.0 = Release|Any CPU
		{0CB18B80-179B-4843-A4FC-849E95F4B020}.Debug|iPhone.ActiveCfg = Debug|Any CPU
		{0CB18B80-179B-4843-A4FC-849E95F4B020}.Debug|iPhone.Build.0 = Debug|Any CPU
		{F086B4C1-6442-4D73-87D5-B853D4D83983}.Debug|Any CPU.ActiveCfg = Debug|Any CPU
		{F086B4C1-6442-4D73-87D5-B853D4D83983}.Debug|Any CPU.Build.0 = Debug|Any CPU
		{F086B4C1-6442-4D73-87D5-B853D4D83983}.Release|Any CPU.ActiveCfg = Release|Any CPU
		{F086B4C1-6442-4D73-87D5-B853D4D83983}.Release|Any CPU.Build.0 = Release|Any CPU
		{F086B4C1-6442-4D73-87D5-B853D4D83983}.Debug|iPhoneSimulator.ActiveCfg = Debug|Any CPU
		{F086B4C1-6442-4D73-87D5-B853D4D83983}.Debug|iPhoneSimulator.Build.0 = Debug|Any CPU
		{F086B4C1-6442-4D73-87D5-B853D4D83983}.Release|iPhone.ActiveCfg = Release|Any CPU
		{F086B4C1-6442-4D73-87D5-B853D4D83983}.Release|iPhone.Build.0 = Release|Any CPU
		{F086B4C1-6442-4D73-87D5-B853D4D83983}.Release|iPhoneSimulator.ActiveCfg = Release|Any CPU
		{F086B4C1-6442-4D73-87D5-B853D4D83983}.Release|iPhoneSimulator.Build.0 = Release|Any CPU
		{F086B4C1-6442-4D73-87D5-B853D4D83983}.Debug|iPhone.ActiveCfg = Debug|Any CPU
		{F086B4C1-6442-4D73-87D5-B853D4D83983}.Debug|iPhone.Build.0 = Debug|Any CPU
	EndGlobalSection
EndGlobal
